
Microsoft Visual Studio Solution File, Format Version 12.00
# Visual Studio Version 16
VisualStudioVersion = 16.0.31702.278
MinimumVisualStudioVersion = 10.0.40219.1
Project("{9A19103F-16F7-4668-BE54-9A1E7A4F7556}") = "LunchBreakVoteAPI", "LunchBreakVoteAPI.csproj", "{061A705D-45E8-41C1-99AD-61A34A9213DD}"
EndProject
Global
	GlobalSection(SolutionConfigurationPlatforms) = preSolution
		Debug|Any CPU = Debug|Any CPU
		Release|Any CPU = Release|Any CPU
	EndGlobalSection
	GlobalSection(ProjectConfigurationPlatforms) = postSolution
		{061A705D-45E8-41C1-99AD-61A34A9213DD}.Debug|Any CPU.ActiveCfg = Debug|Any CPU
		{061A705D-45E8-41C1-99AD-61A34A9213DD}.Debug|Any CPU.Build.0 = Debug|Any CPU
		{061A705D-45E8-41C1-99AD-61A34A9213DD}.Release|Any CPU.ActiveCfg = Release|Any CPU
		{061A705D-45E8-41C1-99AD-61A34A9213DD}.Release|Any CPU.Build.0 = Release|Any CPU
	EndGlobalSection
	GlobalSection(SolutionProperties) = preSolution
		HideSolutionNode = FALSE
	EndGlobalSection
	GlobalSection(ExtensibilityGlobals) = postSolution
		SolutionGuid = {DCD271FD-58D8-4FC2-B598-CB222FE31186}
	EndGlobalSection
EndGlobal
